lockfileVersion: '9.0'

settings:
  autoInstallPeers: true
  excludeLinksFromLockfile: false

importers:

  .: {}

  packages/app:
    dependencies:
      '@learn/shared':
        specifier: workspace:*
        version: link:../shared
      dayjs:
        specifier: ^1.11.13
        version: 1.11.23

  packages/shared:
    dependencies:
      lodash-es:
        specifier: ^4.17.21
        version: 4.18.1
    devDependencies:
      '@types/lodash-es':
        specifier: ^4.17.12
        version: 4.17.12
      typescript:
        specifier: ^5.6.0
        version: 5.9.3

packages:

  '@types/lodash-es@4.17.12':
    resolution: {integrity: sha512-0NgftHUcV4v34VhXm8QBSftKVXtbkBG3ViCjs6+eJ5a6y6Mi/jiFGPc1sC7QK+9BFhWrURE3EOggmWaSxL9OzQ==}

  '@types/lodash@4.17.25':
    resolution: {integrity: sha512-+K1NIO8I+F9/wNulfVvu23QYd0Pe9/OCqRrim4NoYIf1VoEDL90Ve4ClzpyqBLc7NpGGWRvYNCKZ1BE/Jpf8dQ==}

  dayjs@1.11.23:
    resolution: {integrity: sha512-QDTCU0M0MxR3hQfnlDJfwekQiaanm1ubOD231u73WBckQ/fsamwRLiE2GBz6D3a/xF1NgfiDLJjXBa1hYOYTtQ==}

  lodash-es@4.18.1:
    resolution: {integrity: sha512-J8xewKD/Gk22OZbhpOVSwcs60zhd95ESDwezOFuA3/099925PdHJ7OFHNTGtajL3AlZkykD32HykiMo+BIBI8A==}

  typescript@5.9.3:
    resolution: {integrity: sha512-jl1vZzPDinLr9eUt3J/t7V6FgNEw9QjvBPdysz9KfQDD41fQrC2Y4vKQdiaUpFT4bXlb1RHhLpp8wtm6M5TgSw==}
    engines: {node: '>=14.17'}
    hasBin: true

snapshots:

  '@types/lodash-es@4.17.12':
    dependencies:
      '@types/lodash': 4.17.25

  '@types/lodash@4.17.25': {}

  dayjs@1.11.23: {}

  lodash-es@4.18.1: {}

  typescript@5.9.3: {}
